
Microsoft Visual Studio Solution File, Format Version 12.00
# Visual Studio 15
VisualStudioVersion = 15.0.28010.2046
MinimumVisualStudioVersion = 10.0.40219.1
Project("{FAE04EC0-301F-11D3-BF4B-00C04F79EFBC}") = "Mbc.Common", "Mbc.Common\Mbc.Common.csproj", "{66A3117B-3D5C-48F2-9C34-BC574E814605}"
EndProject
Project("{FAE04EC0-301F-11D3-BF4B-00C04F79EFBC}") = "Mbc.Common.Interface", "Mbc.Common.Interface\Mbc.Common.Interface.csproj", "{A080F14C-D6DA-4AC0-949D-3D0A7D56CB1F}"
EndProject
Project("{FAE04EC0-301F-11D3-BF4B-00C04F79EFBC}") = "Mbc.Common.Test", "Mbc.Common.Test\Mbc.Common.Test.csproj", "{C6601CC6-F073-498B-B270-EB91CE08F10A}"
EndProject
Project("{2150E333-8FDC-42A3-9474-1A3956D46DE8}") = "Build", "Build", "{387B3B40-3DC1-4D43-A162-C75C08F981DD}"
	ProjectSection(SolutionItems) = preProject
		Build\AssemblyInfo.Nsp.cs = Build\AssemblyInfo.Nsp.cs
		Build\AssemblyInfo.TestProcedure.cs = Build\AssemblyInfo.TestProcedure.cs
		Build\Mbc.CodeAnalysis.ruleset = Build\Mbc.CodeAnalysis.ruleset
		Build\stylecop.json = Build\stylecop.json
		Build\Target.Common.csproj = Build\Target.Common.csproj
		Build\Target.Nsp.csproj = Build\Target.Nsp.csproj
		Build\Target.TestProcedure.csproj = Build\Target.TestProcedure.csproj
	EndProjectSection
EndProject
Global
	GlobalSection(SolutionConfigurationPlatforms) = preSolution
		Debug|Any CPU = Debug|Any CPU
		Release|Any CPU = Release|Any CPU
	EndGlobalSection
	GlobalSection(ProjectConfigurationPlatforms) = postSolution
		{66A3117B-3D5C-48F2-9C34-BC574E814605}.Debug|Any CPU.ActiveCfg = Debug|Any CPU
		{66A3117B-3D5C-48F2-9C34-BC574E814605}.Debug|Any CPU.Build.0 = Debug|Any CPU
		{66A3117B-3D5C-48F2-9C34-BC574E814605}.Release|Any CPU.ActiveCfg = Release|Any CPU
		{66A3117B-3D5C-48F2-9C34-BC574E814605}.Release|Any CPU.Build.0 = Release|Any CPU
		{A080F14C-D6DA-4AC0-949D-3D0A7D56CB1F}.Debug|Any CPU.ActiveCfg = Debug|Any CPU
		{A080F14C-D6DA-4AC0-949D-3D0A7D56CB1F}.Debug|Any CPU.Build.0 = Debug|Any CPU
		{A080F14C-D6DA-4AC0-949D-3D0A7D56CB1F}.Release|Any CPU.ActiveCfg = Release|Any CPU
		{A080F14C-D6DA-4AC0-949D-3D0A7D56CB1F}.Release|Any CPU.Build.0 = Release|Any CPU
		{C6601CC6-F073-498B-B270-EB91CE08F10A}.Debug|Any CPU.ActiveCfg = Debug|Any CPU
		{C6601CC6-F073-498B-B270-EB91CE08F10A}.Debug|Any CPU.Build.0 = Debug|Any CPU
		{C6601CC6-F073-498B-B270-EB91CE08F10A}.Release|Any CPU.ActiveCfg = Release|Any CPU
		{C6601CC6-F073-498B-B270-EB91CE08F10A}.Release|Any CPU.Build.0 = Release|Any CPU
	EndGlobalSection
	GlobalSection(SolutionProperties) = preSolution
		HideSolutionNode = FALSE
	EndGlobalSection
	GlobalSection(ExtensibilityGlobals) = postSolution
		SolutionGuid = {88D30569-E2BF-4F26-8101-8FD8922CC99F}
	EndGlobalSection
EndGlobal
