
Microsoft Visual Studio Solution File, Format Version 12.00
# Visual Studio 15
VisualStudioVersion = 15.0.28010.2046
MinimumVisualStudioVersion = 10.0.40219.1
Project("{9A19103F-16F7-4668-BE54-9A1E7A4F7556}") = "Mbc.Common", "Mbc.Common\Mbc.Common.csproj", "{66A3117B-3D5C-48F2-9C34-BC574E814605}"
EndProject
Project("{9A19103F-16F7-4668-BE54-9A1E7A4F7556}") = "Mbc.Common.Interface", "Mbc.Common.Interface\Mbc.Common.Interface.csproj", "{A080F14C-D6DA-4AC0-949D-3D0A7D56CB1F}"
EndProject
Project("{9A19103F-16F7-4668-BE54-9A1E7A4F7556}") = "Mbc.Common.Test", "Mbc.Common.Test\Mbc.Common.Test.csproj", "{C6601CC6-F073-498B-B270-EB91CE08F10A}"
EndProject
Project("{2150E333-8FDC-42A3-9474-1A3956D46DE8}") = "Build", "Build", "{387B3B40-3DC1-4D43-A162-C75C08F981DD}"
	ProjectSection(SolutionItems) = preProject
		build.cake = build.cake
		build.ps1 = build.ps1
		Build\common.props = Build\common.props
		Build\Mbc.CodeAnalysis.ruleset = Build\Mbc.CodeAnalysis.ruleset
		Build\stylecop.json = Build\stylecop.json
	EndProjectSection
EndProject
Project("{2150E333-8FDC-42A3-9474-1A3956D46DE8}") = "Solution Items", "Solution Items", "{550E2440-35F1-443A-BFD8-AEE012B47835}"
	ProjectSection(SolutionItems) = preProject
		.editorconfig = .editorconfig
		NuGet.Config = NuGet.Config
	EndProjectSection
EndProject
Project("{9A19103F-16F7-4668-BE54-9A1E7A4F7556}") = "Mbc.Hdf5Utils", "Mbc.Hdf5Utils\Mbc.Hdf5Utils.csproj", "{9868501F-6BAA-47C9-8688-C9067245F412}"
EndProject
Project("{9A19103F-16F7-4668-BE54-9A1E7A4F7556}") = "Mbc.Hdf5Utils.Test", "Mbc.Hdf5Utils.Test\Mbc.Hdf5Utils.Test.csproj", "{133A1BF4-81F0-41AE-984A-07B484C43254}"
EndProject
Project("{FAE04EC0-301F-11D3-BF4B-00C04F79EFBC}") = "Mbc.AsyncUtils", "Mbc.AsyncUtils\Mbc.AsyncUtils.csproj", "{53C94DCF-1437-4325-8A7F-6DAB1CD03985}"
EndProject
Project("{FAE04EC0-301F-11D3-BF4B-00C04F79EFBC}") = "Mbc.AsyncUtils.Test", "Mbc.AsyncUtils.Test\Mbc.AsyncUtils.Test.csproj", "{B259E018-D86B-4DF1-9C35-24CD6D80F034}"
EndProject
Global
	GlobalSection(SolutionConfigurationPlatforms) = preSolution
		Debug|Any CPU = Debug|Any CPU
		Release|Any CPU = Release|Any CPU
	EndGlobalSection
	GlobalSection(ProjectConfigurationPlatforms) = postSolution
		{66A3117B-3D5C-48F2-9C34-BC574E814605}.Debug|Any CPU.ActiveCfg = Debug|Any CPU
		{66A3117B-3D5C-48F2-9C34-BC574E814605}.Debug|Any CPU.Build.0 = Debug|Any CPU
		{66A3117B-3D5C-48F2-9C34-BC574E814605}.Release|Any CPU.ActiveCfg = Release|Any CPU
		{66A3117B-3D5C-48F2-9C34-BC574E814605}.Release|Any CPU.Build.0 = Release|Any CPU
		{A080F14C-D6DA-4AC0-949D-3D0A7D56CB1F}.Debug|Any CPU.ActiveCfg = Debug|Any CPU
		{A080F14C-D6DA-4AC0-949D-3D0A7D56CB1F}.Debug|Any CPU.Build.0 = Debug|Any CPU
		{A080F14C-D6DA-4AC0-949D-3D0A7D56CB1F}.Release|Any CPU.ActiveCfg = Release|Any CPU
		{A080F14C-D6DA-4AC0-949D-3D0A7D56CB1F}.Release|Any CPU.Build.0 = Release|Any CPU
		{C6601CC6-F073-498B-B270-EB91CE08F10A}.Debug|Any CPU.ActiveCfg = Debug|Any CPU
		{C6601CC6-F073-498B-B270-EB91CE08F10A}.Debug|Any CPU.Build.0 = Debug|Any CPU
		{C6601CC6-F073-498B-B270-EB91CE08F10A}.Release|Any CPU.ActiveCfg = Release|Any CPU
		{C6601CC6-F073-498B-B270-EB91CE08F10A}.Release|Any CPU.Build.0 = Release|Any CPU
		{9868501F-6BAA-47C9-8688-C9067245F412}.Debug|Any CPU.ActiveCfg = Debug|Any CPU
		{9868501F-6BAA-47C9-8688-C9067245F412}.Debug|Any CPU.Build.0 = Debug|Any CPU
		{9868501F-6BAA-47C9-8688-C9067245F412}.Release|Any CPU.ActiveCfg = Release|Any CPU
		{9868501F-6BAA-47C9-8688-C9067245F412}.Release|Any CPU.Build.0 = Release|Any CPU
		{133A1BF4-81F0-41AE-984A-07B484C43254}.Debug|Any CPU.ActiveCfg = Debug|Any CPU
		{133A1BF4-81F0-41AE-984A-07B484C43254}.Debug|Any CPU.Build.0 = Debug|Any CPU
		{133A1BF4-81F0-41AE-984A-07B484C43254}.Release|Any CPU.ActiveCfg = Release|Any CPU
		{133A1BF4-81F0-41AE-984A-07B484C43254}.Release|Any CPU.Build.0 = Release|Any CPU
		{53C94DCF-1437-4325-8A7F-6DAB1CD03985}.Debug|Any CPU.ActiveCfg = Debug|Any CPU
		{53C94DCF-1437-4325-8A7F-6DAB1CD03985}.Debug|Any CPU.Build.0 = Debug|Any CPU
		{53C94DCF-1437-4325-8A7F-6DAB1CD03985}.Release|Any CPU.ActiveCfg = Release|Any CPU
		{53C94DCF-1437-4325-8A7F-6DAB1CD03985}.Release|Any CPU.Build.0 = Release|Any CPU
		{B259E018-D86B-4DF1-9C35-24CD6D80F034}.Debug|Any CPU.ActiveCfg = Debug|Any CPU
		{B259E018-D86B-4DF1-9C35-24CD6D80F034}.Debug|Any CPU.Build.0 = Debug|Any CPU
		{B259E018-D86B-4DF1-9C35-24CD6D80F034}.Release|Any CPU.ActiveCfg = Release|Any CPU
		{B259E018-D86B-4DF1-9C35-24CD6D80F034}.Release|Any CPU.Build.0 = Release|Any CPU
	EndGlobalSection
	GlobalSection(SolutionProperties) = preSolution
		HideSolutionNode = FALSE
	EndGlobalSection
	GlobalSection(ExtensibilityGlobals) = postSolution
		SolutionGuid = {88D30569-E2BF-4F26-8101-8FD8922CC99F}
	EndGlobalSection
EndGlobal
